{
  "name": "pi-extensions",
  "lockfileVersion": 3,
  "requires": true,
  "packages": {
    "": {
      "name": "pi-extensions",
      "dependencies": {
        "@beyona/pi-zai-usage": "^1.1.0",
        "@gotgenes/pi-anthropic-auth": "^2.0.6",
        "pi-caveman": "^1.0.8"
      }
    },
    "node_modules/@beyona/pi-zai-usage": {
      "version": "1.1.0",
      "resolved": "https://registry.npmjs.org/@beyona/pi-zai-usage/-/pi-zai-usage-1.1.0.tgz",
      "integrity": "sha512-GoFphgAt4Ofia1RNYr/GJ8CRSkYZ+1cdotfgzQ0TmfNgVlBCsB5f35a43aFrmt/WXXRjOL3OqR9m9cXDoKVoCg==",
      "peerDependencies": {
        "@earendil-works/pi-coding-agent": "^0.80.2",
        "@earendil-works/pi-tui": "^0.80.2"
      }
    },
    "node_modules/@gotgenes/pi-anthropic-auth": {
      "version": "2.0.6",
      "resolved": "https://registry.npmjs.org/@gotgenes/pi-anthropic-auth/-/pi-anthropic-auth-2.0.6.tgz",
      "integrity": "sha512-BGYJg89voPjtIWjX8MZ71Wqb4WrgO5cDWX6vTnOS8KXY2BBQBnWg+BTaEzF7NihALvllsLgehFo4Y8lT+XdngQ==",
      "license": "MIT",
      "engines": {
        "node": ">=22"
      },
      "peerDependencies": {
        "@earendil-works/pi-ai": ">=0.80.8",
        "@earendil-works/pi-coding-agent": ">=0.80.8"
      }
    },
    "node_modules/pi-caveman": {
      "version": "1.0.8",
      "resolved": "https://registry.npmjs.org/pi-caveman/-/pi-caveman-1.0.8.tgz",
      "integrity": "sha512-N0F/Ui86dEtKzoAnRpe+9t4AXsv9cshTGBFwbDf7aiiE1C5iQ8QrZuszdc/yX9FWNUP0pzSZX/M/zWynngnGQw==",
      "license": "MIT",
      "peerDependencies": {
        "@earendil-works/pi-coding-agent": "*"
      }
    }
  }
}
